
Microsoft Visual Studio Solution File, Format Version 12.00
# Visual Studio Version 16
VisualStudioVersion = 16.0.32630.194
MinimumVisualStudioVersion = 10.0.40219.1
Project("{FAE04EC0-301F-11D3-BF4B-00C04F79EFBC}") = "Wpf_Dz_11", "Wpf_Dz_11\Wpf_Dz_11.csproj", "{09A2D9B7-FD3A-49BB-B19B-5254C620ACB3}"
EndProject
Project("{FAE04EC0-301F-11D3-BF4B-00C04F79EFBC}") = "Wpf_DZ_11.2", "Wpf_DZ_11.2\Wpf_DZ_11.2.csproj", "{9214058B-B957-4B28-9B8D-DDC26C46E972}"
EndProject
Global
	GlobalSection(SolutionConfigurationPlatforms) = preSolution
		Debug|Any CPU = Debug|Any CPU
		Release|Any CPU = Release|Any CPU
	EndGlobalSection
	GlobalSection(ProjectConfigurationPlatforms) = postSolution
		{09A2D9B7-FD3A-49BB-B19B-5254C620ACB3}.Debug|Any CPU.ActiveCfg = Debug|Any CPU
		{09A2D9B7-FD3A-49BB-B19B-5254C620ACB3}.Debug|Any CPU.Build.0 = Debug|Any CPU
		{09A2D9B7-FD3A-49BB-B19B-5254C620ACB3}.Release|Any CPU.ActiveCfg = Release|Any CPU
		{09A2D9B7-FD3A-49BB-B19B-5254C620ACB3}.Release|Any CPU.Build.0 = Release|Any CPU
		{9214058B-B957-4B28-9B8D-DDC26C46E972}.Debug|Any CPU.ActiveCfg = Debug|Any CPU
		{9214058B-B957-4B28-9B8D-DDC26C46E972}.Debug|Any CPU.Build.0 = Debug|Any CPU
		{9214058B-B957-4B28-9B8D-DDC26C46E972}.Release|Any CPU.ActiveCfg = Release|Any CPU
		{9214058B-B957-4B28-9B8D-DDC26C46E972}.Release|Any CPU.Build.0 = Release|Any CPU
	EndGlobalSection
	GlobalSection(SolutionProperties) = preSolution
		HideSolutionNode = FALSE
	EndGlobalSection
	GlobalSection(ExtensibilityGlobals) = postSolution
		SolutionGuid = {0108DEA0-D257-4738-A0AF-CD72A72CE2B2}
	EndGlobalSection
EndGlobal
